
Microsoft Visual Studio Solution File, Format Version 12.00
# Visual Studio Version 17
VisualStudioVersion = 17.5.33424.131
MinimumVisualStudioVersion = 10.0.40219.1
Project("{9A19103F-16F7-4668-BE54-9A1E7A4F7556}") = "Tots.DbFilter", "Tots.DbFilter\Tots.DbFilter.csproj", "{D91B1B0E-99DE-4309-B4AA-85FD59429EDF}"
EndProject
Project("{FAE04EC0-301F-11D3-BF4B-00C04F79EFBC}") = "Example", "Example\Example.csproj", "{FD40C389-6C3C-400B-8387-AAD8A7E76499}"
EndProject
Global
	GlobalSection(SolutionConfigurationPlatforms) = preSolution
		Debug|Any CPU = Debug|Any CPU
		Release|Any CPU = Release|Any CPU
	EndGlobalSection
	GlobalSection(ProjectConfigurationPlatforms) = postSolution
		{D91B1B0E-99DE-4309-B4AA-85FD59429EDF}.Debug|Any CPU.ActiveCfg = Debug|Any CPU
		{D91B1B0E-99DE-4309-B4AA-85FD59429EDF}.Debug|Any CPU.Build.0 = Debug|Any CPU
		{D91B1B0E-99DE-4309-B4AA-85FD59429EDF}.Release|Any CPU.ActiveCfg = Release|Any CPU
		{D91B1B0E-99DE-4309-B4AA-85FD59429EDF}.Release|Any CPU.Build.0 = Release|Any CPU
		{FD40C389-6C3C-400B-8387-AAD8A7E76499}.Debug|Any CPU.ActiveCfg = Debug|Any CPU
		{FD40C389-6C3C-400B-8387-AAD8A7E76499}.Debug|Any CPU.Build.0 = Debug|Any CPU
		{FD40C389-6C3C-400B-8387-AAD8A7E76499}.Release|Any CPU.ActiveCfg = Release|Any CPU
		{FD40C389-6C3C-400B-8387-AAD8A7E76499}.Release|Any CPU.Build.0 = Release|Any CPU
	EndGlobalSection
	GlobalSection(SolutionProperties) = preSolution
		HideSolutionNode = FALSE
	EndGlobalSection
	GlobalSection(ExtensibilityGlobals) = postSolution
		SolutionGuid = {5CAC9AD5-7192-4896-AD1A-DA6B36297FA7}
	EndGlobalSection
EndGlobal
